
Microsoft Visual Studio Solution File, Format Version 12.00
Project("{FAE04EC0-301F-11D3-BF4B-00C04F79EFBC}") = "Archivarius", "Archivarius\Archivarius.csproj", "{1581C4D5-ED47-42B6-872D-F014FA8BDD9D}"
EndProject
Project("{FAE04EC0-301F-11D3-BF4B-00C04F79EFBC}") = "Archivarius.Json", "Archivarius.Json\Archivarius.Json.csproj", "{1858D46C-4E3B-400B-AFC1-73A98339F38B}"
EndProject
Project("{FAE04EC0-301F-11D3-BF4B-00C04F79EFBC}") = "Archivarius.Tests", "Tests\Archivarius.Tests\Archivarius.Tests.csproj", "{17FC96D9-4268-4B06-A8C4-40BC7D2CC8C5}"
EndProject
Project("{FAE04EC0-301F-11D3-BF4B-00C04F79EFBC}") = "Archivarius.Extensions", "Archivarius.Extensions\Archivarius.Extensions.csproj", "{E77CA58D-6A52-48D8-B439-C57628961209}"
EndProject
Project("{FAE04EC0-301F-11D3-BF4B-00C04F79EFBC}") = "Archivarius.Tools", "Archivarius.Tools\Archivarius.Tools.csproj", "{739D8F24-0DF3-474A-AFE1-57627C1667C9}"
EndProject
Project("{FAE04EC0-301F-11D3-BF4B-00C04F79EFBC}") = "Archivarius.Storage", "Archivarius.Storage\Archivarius.Storage.csproj", "{4EAACD77-A98B-496F-B9A8-3EDBD3CC3BCB}"
EndProject
Project("{FAE04EC0-301F-11D3-BF4B-00C04F79EFBC}") = "Archivarius.Storage.Remote", "Archivarius.Storage.Remote\Archivarius.Storage.Remote.csproj", "{2B990915-41A5-49D2-9CE9-BC228D8FDEA5}"
EndProject
Project("{2150E333-8FDC-42A3-9474-1A3956D46DE8}") = "Tests", "Tests", "{7983EF43-DB98-454B-9DF7-009E6E73EBE1}"
EndProject
Project("{FAE04EC0-301F-11D3-BF4B-00C04F79EFBC}") = "Archivarius.Storage.Test", "Tests\Archivarius.Storage.Test\Archivarius.Storage.Test.csproj", "{2E22A91C-C461-4B11-A3DE-D56C3183AD72}"
EndProject
Global
	GlobalSection(SolutionConfigurationPlatforms) = preSolution
		Debug|Any CPU = Debug|Any CPU
		Release|Any CPU = Release|Any CPU
	EndGlobalSection
	GlobalSection(ProjectConfigurationPlatforms) = postSolution
		{1581C4D5-ED47-42B6-872D-F014FA8BDD9D}.Debug|Any CPU.ActiveCfg = Debug|Any CPU
		{1581C4D5-ED47-42B6-872D-F014FA8BDD9D}.Debug|Any CPU.Build.0 = Debug|Any CPU
		{1581C4D5-ED47-42B6-872D-F014FA8BDD9D}.Release|Any CPU.ActiveCfg = Release|Any CPU
		{1581C4D5-ED47-42B6-872D-F014FA8BDD9D}.Release|Any CPU.Build.0 = Release|Any CPU
		{1858D46C-4E3B-400B-AFC1-73A98339F38B}.Debug|Any CPU.ActiveCfg = Debug|Any CPU
		{1858D46C-4E3B-400B-AFC1-73A98339F38B}.Debug|Any CPU.Build.0 = Debug|Any CPU
		{1858D46C-4E3B-400B-AFC1-73A98339F38B}.Release|Any CPU.ActiveCfg = Release|Any CPU
		{1858D46C-4E3B-400B-AFC1-73A98339F38B}.Release|Any CPU.Build.0 = Release|Any CPU
		{17FC96D9-4268-4B06-A8C4-40BC7D2CC8C5}.Debug|Any CPU.ActiveCfg = Debug|Any CPU
		{17FC96D9-4268-4B06-A8C4-40BC7D2CC8C5}.Debug|Any CPU.Build.0 = Debug|Any CPU
		{17FC96D9-4268-4B06-A8C4-40BC7D2CC8C5}.Release|Any CPU.ActiveCfg = Release|Any CPU
		{17FC96D9-4268-4B06-A8C4-40BC7D2CC8C5}.Release|Any CPU.Build.0 = Release|Any CPU
		{E77CA58D-6A52-48D8-B439-C57628961209}.Debug|Any CPU.ActiveCfg = Debug|Any CPU
		{E77CA58D-6A52-48D8-B439-C57628961209}.Debug|Any CPU.Build.0 = Debug|Any CPU
		{E77CA58D-6A52-48D8-B439-C57628961209}.Release|Any CPU.ActiveCfg = Release|Any CPU
		{E77CA58D-6A52-48D8-B439-C57628961209}.Release|Any CPU.Build.0 = Release|Any CPU
		{739D8F24-0DF3-474A-AFE1-57627C1667C9}.Debug|Any CPU.ActiveCfg = Debug|Any CPU
		{739D8F24-0DF3-474A-AFE1-57627C1667C9}.Debug|Any CPU.Build.0 = Debug|Any CPU
		{739D8F24-0DF3-474A-AFE1-57627C1667C9}.Release|Any CPU.ActiveCfg = Release|Any CPU
		{739D8F24-0DF3-474A-AFE1-57627C1667C9}.Release|Any CPU.Build.0 = Release|Any CPU
		{4EAACD77-A98B-496F-B9A8-3EDBD3CC3BCB}.Debug|Any CPU.ActiveCfg = Debug|Any CPU
		{4EAACD77-A98B-496F-B9A8-3EDBD3CC3BCB}.Debug|Any CPU.Build.0 = Debug|Any CPU
		{4EAACD77-A98B-496F-B9A8-3EDBD3CC3BCB}.Release|Any CPU.ActiveCfg = Release|Any CPU
		{4EAACD77-A98B-496F-B9A8-3EDBD3CC3BCB}.Release|Any CPU.Build.0 = Release|Any CPU
		{2B990915-41A5-49D2-9CE9-BC228D8FDEA5}.Debug|Any CPU.ActiveCfg = Debug|Any CPU
		{2B990915-41A5-49D2-9CE9-BC228D8FDEA5}.Debug|Any CPU.Build.0 = Debug|Any CPU
		{2B990915-41A5-49D2-9CE9-BC228D8FDEA5}.Release|Any CPU.ActiveCfg = Release|Any CPU
		{2B990915-41A5-49D2-9CE9-BC228D8FDEA5}.Release|Any CPU.Build.0 = Release|Any CPU
		{2E22A91C-C461-4B11-A3DE-D56C3183AD72}.Debug|Any CPU.ActiveCfg = Debug|Any CPU
		{2E22A91C-C461-4B11-A3DE-D56C3183AD72}.Debug|Any CPU.Build.0 = Debug|Any CPU
		{2E22A91C-C461-4B11-A3DE-D56C3183AD72}.Release|Any CPU.ActiveCfg = Release|Any CPU
		{2E22A91C-C461-4B11-A3DE-D56C3183AD72}.Release|Any CPU.Build.0 = Release|Any CPU
	EndGlobalSection
	GlobalSection(NestedProjects) = preSolution
		{17FC96D9-4268-4B06-A8C4-40BC7D2CC8C5} = {7983EF43-DB98-454B-9DF7-009E6E73EBE1}
		{2E22A91C-C461-4B11-A3DE-D56C3183AD72} = {7983EF43-DB98-454B-9DF7-009E6E73EBE1}
	EndGlobalSection
EndGlobal
