
Microsoft Visual Studio Solution File, Format Version 12.00
Project("{FAE04EC0-301F-11D3-BF4B-00C04F79EFBC}") = "Archivarius.Storage", "Archivarius.Storage\Archivarius.Storage.csproj", "{7134E7A7-3452-4E7E-89D7-74AC1CFA6371}"
EndProject
Project("{FAE04EC0-301F-11D3-BF4B-00C04F79EFBC}") = "Archivarius.Storage.Remote", "Archivarius.Storage.Remote\Archivarius.Storage.Remote.csproj", "{AF332972-A503-41B3-AE0B-2FBD64B9013F}"
EndProject
Project("{2150E333-8FDC-42A3-9474-1A3956D46DE8}") = "Tests", "Tests", "{B31C9433-1CB1-450B-9EC0-69DABD0EC909}"
EndProject
Project("{FAE04EC0-301F-11D3-BF4B-00C04F79EFBC}") = "Archivarius.Storage.Test", "Tests\Archivarius.Storage.Test\Archivarius.Storage.Test.csproj", "{C1CE0E37-1B15-46EA-9047-7C0C7C893D0B}"
EndProject
Global
	GlobalSection(SolutionConfigurationPlatforms) = preSolution
		Debug|Any CPU = Debug|Any CPU
		Release|Any CPU = Release|Any CPU
	EndGlobalSection
	GlobalSection(ProjectConfigurationPlatforms) = postSolution
		{7134E7A7-3452-4E7E-89D7-74AC1CFA6371}.Debug|Any CPU.ActiveCfg = Debug|Any CPU
		{7134E7A7-3452-4E7E-89D7-74AC1CFA6371}.Debug|Any CPU.Build.0 = Debug|Any CPU
		{7134E7A7-3452-4E7E-89D7-74AC1CFA6371}.Release|Any CPU.ActiveCfg = Release|Any CPU
		{7134E7A7-3452-4E7E-89D7-74AC1CFA6371}.Release|Any CPU.Build.0 = Release|Any CPU
		{AF332972-A503-41B3-AE0B-2FBD64B9013F}.Debug|Any CPU.ActiveCfg = Debug|Any CPU
		{AF332972-A503-41B3-AE0B-2FBD64B9013F}.Debug|Any CPU.Build.0 = Debug|Any CPU
		{AF332972-A503-41B3-AE0B-2FBD64B9013F}.Release|Any CPU.ActiveCfg = Release|Any CPU
		{AF332972-A503-41B3-AE0B-2FBD64B9013F}.Release|Any CPU.Build.0 = Release|Any CPU
		{C1CE0E37-1B15-46EA-9047-7C0C7C893D0B}.Debug|Any CPU.ActiveCfg = Debug|Any CPU
		{C1CE0E37-1B15-46EA-9047-7C0C7C893D0B}.Debug|Any CPU.Build.0 = Debug|Any CPU
		{C1CE0E37-1B15-46EA-9047-7C0C7C893D0B}.Release|Any CPU.ActiveCfg = Release|Any CPU
		{C1CE0E37-1B15-46EA-9047-7C0C7C893D0B}.Release|Any CPU.Build.0 = Release|Any CPU
	EndGlobalSection
	GlobalSection(NestedProjects) = preSolution
		{C1CE0E37-1B15-46EA-9047-7C0C7C893D0B} = {B31C9433-1CB1-450B-9EC0-69DABD0EC909}
	EndGlobalSection
EndGlobal
